
Microsoft Visual Studio Solution File, Format Version 12.00
# Visual Studio 15
VisualStudioVersion = 15.0.28307.421
MinimumVisualStudioVersion = 10.0.40219.1
Project("{2150E333-8FDC-42A3-9474-1A3956D46DE8}") = "src", "src", "{BCACB80C-68FF-4E96-AD48-F31E2D0DB280}"
EndProject
Project("{9A19103F-16F7-4668-BE54-9A1E7A4F7556}") = "PokemonApi", "src\PokemonApi\PokemonApi.csproj", "{8E8E18D5-9697-4C25-AB81-5E1CB11B0554}"
EndProject
Global
	GlobalSection(SolutionConfigurationPlatforms) = preSolution
		Debug|Any CPU = Debug|Any CPU
		Release|Any CPU = Release|Any CPU
	EndGlobalSection
	GlobalSection(ProjectConfigurationPlatforms) = postSolution
		{8E8E18D5-9697-4C25-AB81-5E1CB11B0554}.Debug|Any CPU.ActiveCfg = Debug|Any CPU
		{8E8E18D5-9697-4C25-AB81-5E1CB11B0554}.Debug|Any CPU.Build.0 = Debug|Any CPU
		{8E8E18D5-9697-4C25-AB81-5E1CB11B0554}.Release|Any CPU.ActiveCfg = Release|Any CPU
		{8E8E18D5-9697-4C25-AB81-5E1CB11B0554}.Release|Any CPU.Build.0 = Release|Any CPU
	EndGlobalSection
	GlobalSection(SolutionProperties) = preSolution
		HideSolutionNode = FALSE
	EndGlobalSection
	GlobalSection(NestedProjects) = preSolution
		{8E8E18D5-9697-4C25-AB81-5E1CB11B0554} = {BCACB80C-68FF-4E96-AD48-F31E2D0DB280}
	EndGlobalSection
	GlobalSection(ExtensibilityGlobals) = postSolution
		SolutionGuid = {CF1F79F7-73C5-402E-AB78-389A623134E3}
	EndGlobalSection
EndGlobal
